
Microsoft Visual Studio Solution File, Format Version 12.00
# Visual Studio Version 16
VisualStudioVersion = 16.0.32228.343
MinimumVisualStudioVersion = 10.0.40219.1
Project("{FAE04EC0-301F-11D3-BF4B-00C04F79EFBC}") = "OrderFood.Android", "OrderFood\OrderFood.Android\OrderFood.Android.csproj", "{8A998EEE-840F-4C5C-AAFC-FB494A1079E3}"
EndProject
Project("{FAE04EC0-301F-11D3-BF4B-00C04F79EFBC}") = "OrderFood.iOS", "OrderFood\OrderFood.iOS\OrderFood.iOS.csproj", "{6BC786FF-1405-4B04-B6E3-D617F57EDA19}"
EndProject
Project("{FAE04EC0-301F-11D3-BF4B-00C04F79EFBC}") = "OrderFood", "OrderFood\OrderFood\OrderFood.csproj", "{09CD9950-E34B-4CE7-9462-249FD5F1DCA0}"
EndProject
Global
	GlobalSection(SolutionConfigurationPlatforms) = preSolution
		Debug|Any CPU = Debug|Any CPU
		Debug|iPhone = Debug|iPhone
		Debug|iPhoneSimulator = Debug|iPhoneSimulator
		Release|Any CPU = Release|Any CPU
		Release|iPhone = Release|iPhone
		Release|iPhoneSimulator = Release|iPhoneSimulator
	EndGlobalSection
	GlobalSection(ProjectConfigurationPlatforms) = postSolution
		{8A998EEE-840F-4C5C-AAFC-FB494A1079E3}.Debug|Any CPU.ActiveCfg = Debug|Any CPU
		{8A998EEE-840F-4C5C-AAFC-FB494A1079E3}.Debug|Any CPU.Build.0 = Debug|Any CPU
		{8A998EEE-840F-4C5C-AAFC-FB494A1079E3}.Debug|Any CPU.Deploy.0 = Debug|Any CPU
		{8A998EEE-840F-4C5C-AAFC-FB494A1079E3}.Debug|iPhone.ActiveCfg = Debug|Any CPU
		{8A998EEE-840F-4C5C-AAFC-FB494A1079E3}.Debug|iPhone.Build.0 = Debug|Any CPU
		{8A998EEE-840F-4C5C-AAFC-FB494A1079E3}.Debug|iPhone.Deploy.0 = Debug|Any CPU
		{8A998EEE-840F-4C5C-AAFC-FB494A1079E3}.Debug|iPhoneSimulator.ActiveCfg = Debug|Any CPU
		{8A998EEE-840F-4C5C-AAFC-FB494A1079E3}.Debug|iPhoneSimulator.Build.0 = Debug|Any CPU
		{8A998EEE-840F-4C5C-AAFC-FB494A1079E3}.Debug|iPhoneSimulator.Deploy.0 = Debug|Any CPU
		{8A998EEE-840F-4C5C-AAFC-FB494A1079E3}.Release|Any CPU.ActiveCfg = Release|Any CPU
		{8A998EEE-840F-4C5C-AAFC-FB494A1079E3}.Release|Any CPU.Build.0 = Release|Any CPU
		{8A998EEE-840F-4C5C-AAFC-FB494A1079E3}.Release|Any CPU.Deploy.0 = Release|Any CPU
		{8A998EEE-840F-4C5C-AAFC-FB494A1079E3}.Release|iPhone.ActiveCfg = Release|Any CPU
		{8A998EEE-840F-4C5C-AAFC-FB494A1079E3}.Release|iPhone.Build.0 = Release|Any CPU
		{8A998EEE-840F-4C5C-AAFC-FB494A1079E3}.Release|iPhone.Deploy.0 = Release|Any CPU
		{8A998EEE-840F-4C5C-AAFC-FB494A1079E3}.Release|iPhoneSimulator.ActiveCfg = Release|Any CPU
		{8A998EEE-840F-4C5C-AAFC-FB494A1079E3}.Release|iPhoneSimulator.Build.0 = Release|Any CPU
		{8A998EEE-840F-4C5C-AAFC-FB494A1079E3}.Release|iPhoneSimulator.Deploy.0 = Release|Any CPU
		{6BC786FF-1405-4B04-B6E3-D617F57EDA19}.Debug|Any CPU.ActiveCfg = Debug|iPhone
		{6BC786FF-1405-4B04-B6E3-D617F57EDA19}.Debug|Any CPU.Build.0 = Debug|iPhone
		{6BC786FF-1405-4B04-B6E3-D617F57EDA19}.Debug|Any CPU.Deploy.0 = Debug|iPhone
		{6BC786FF-1405-4B04-B6E3-D617F57EDA19}.Debug|iPhone.ActiveCfg = Debug|iPhone
		{6BC786FF-1405-4B04-B6E3-D617F57EDA19}.Debug|iPhone.Build.0 = Debug|iPhone
		{6BC786FF-1405-4B04-B6E3-D617F57EDA19}.Debug|iPhone.Deploy.0 = Debug|iPhone
		{6BC786FF-1405-4B04-B6E3-D617F57EDA19}.Debug|iPhoneSimulator.ActiveCfg = Debug|iPhoneSimulator
		{6BC786FF-1405-4B04-B6E3-D617F57EDA19}.Debug|iPhoneSimulator.Build.0 = Debug|iPhoneSimulator
		{6BC786FF-1405-4B04-B6E3-D617F57EDA19}.Debug|iPhoneSimulator.Deploy.0 = Debug|iPhoneSimulator
		{6BC786FF-1405-4B04-B6E3-D617F57EDA19}.Release|Any CPU.ActiveCfg = Release|iPhoneSimulator
		{6BC786FF-1405-4B04-B6E3-D617F57EDA19}.Release|Any CPU.Build.0 = Release|iPhoneSimulator
		{6BC786FF-1405-4B04-B6E3-D617F57EDA19}.Release|Any CPU.Deploy.0 = Release|iPhoneSimulator
		{6BC786FF-1405-4B04-B6E3-D617F57EDA19}.Release|iPhone.ActiveCfg = Release|iPhone
		{6BC786FF-1405-4B04-B6E3-D617F57EDA19}.Release|iPhone.Build.0 = Release|iPhone
		{6BC786FF-1405-4B04-B6E3-D617F57EDA19}.Release|iPhone.Deploy.0 = Release|iPhone
		{6BC786FF-1405-4B04-B6E3-D617F57EDA19}.Release|iPhoneSimulator.ActiveCfg = Release|iPhoneSimulator
		{6BC786FF-1405-4B04-B6E3-D617F57EDA19}.Release|iPhoneSimulator.Build.0 = Release|iPhoneSimulator
		{6BC786FF-1405-4B04-B6E3-D617F57EDA19}.Release|iPhoneSimulator.Deploy.0 = Release|iPhoneSimulator
		{09CD9950-E34B-4CE7-9462-249FD5F1DCA0}.Debug|Any CPU.ActiveCfg = Debug|Any CPU
		{09CD9950-E34B-4CE7-9462-249FD5F1DCA0}.Debug|Any CPU.Build.0 = Debug|Any CPU
		{09CD9950-E34B-4CE7-9462-249FD5F1DCA0}.Debug|Any CPU.Deploy.0 = Debug|Any CPU
		{09CD9950-E34B-4CE7-9462-249FD5F1DCA0}.Debug|iPhone.ActiveCfg = Debug|Any CPU
		{09CD9950-E34B-4CE7-9462-249FD5F1DCA0}.Debug|iPhone.Build.0 = Debug|Any CPU
		{09CD9950-E34B-4CE7-9462-249FD5F1DCA0}.Debug|iPhone.Deploy.0 = Debug|Any CPU
		{09CD9950-E34B-4CE7-9462-249FD5F1DCA0}.Debug|iPhoneSimulator.ActiveCfg = Debug|Any CPU
		{09CD9950-E34B-4CE7-9462-249FD5F1DCA0}.Debug|iPhoneSimulator.Build.0 = Debug|Any CPU
		{09CD9950-E34B-4CE7-9462-249FD5F1DCA0}.Debug|iPhoneSimulator.Deploy.0 = Debug|Any CPU
		{09CD9950-E34B-4CE7-9462-249FD5F1DCA0}.Release|Any CPU.ActiveCfg = Release|Any CPU
		{09CD9950-E34B-4CE7-9462-249FD5F1DCA0}.Release|Any CPU.Build.0 = Release|Any CPU
		{09CD9950-E34B-4CE7-9462-249FD5F1DCA0}.Release|Any CPU.Deploy.0 = Release|Any CPU
		{09CD9950-E34B-4CE7-9462-249FD5F1DCA0}.Release|iPhone.ActiveCfg = Release|Any CPU
		{09CD9950-E34B-4CE7-9462-249FD5F1DCA0}.Release|iPhone.Build.0 = Release|Any CPU
		{09CD9950-E34B-4CE7-9462-249FD5F1DCA0}.Release|iPhone.Deploy.0 = Release|Any CPU
		{09CD9950-E34B-4CE7-9462-249FD5F1DCA0}.Release|iPhoneSimulator.ActiveCfg = Release|Any CPU
		{09CD9950-E34B-4CE7-9462-249FD5F1DCA0}.Release|iPhoneSimulator.Build.0 = Release|Any CPU
		{09CD9950-E34B-4CE7-9462-249FD5F1DCA0}.Release|iPhoneSimulator.Deploy.0 = Release|Any CPU
	EndGlobalSection
	GlobalSection(SolutionProperties) = preSolution
		HideSolutionNode = FALSE
	EndGlobalSection
	GlobalSection(ExtensibilityGlobals) = postSolution
		SolutionGuid = {D0181E3B-DF31-4B7C-837A-C448D001A98D}
	EndGlobalSection
EndGlobal
